{
  "name": "gd-geostreaming",
  "version": "3.6.0",
  "lockfileVersion": 2,
  "requires": true,
  "packages": {
    "": {
      "version": "3.6.0",
      "dependencies": {
        "gd-core": "file:../gd-core"
      }
    },
    "../gd-core": {
      "version": "3.6.0",
      "license": "ISC"
    },
    "node_modules/gd-core": {
      "resolved": "../gd-core",
      "link": true
    }
  },
  "dependencies": {
    "gd-core": {
      "version": "file:../gd-core"
    }
  }
}
